// !$*UTF8*$!
{
	archiveVersion = 1;
	classes = {
	};
	objectVersion = 56;
	objects = {

/* Begin PBXBuildFile section */
		44263E52292C9BA3004A11EC /* AppDelegate.swift in Sources */ = {isa = PBXBuildFile; fileRef = 44263E51292C9BA3004A11EC /* AppDelegate.swift */; };
		44263E54292C9BA3004A11EC /* SceneDelegate.swift in Sources */ = {isa = PBXBuildFile; fileRef = 44263E53292C9BA3004A11EC /* SceneDelegate.swift */; };
		44263E59292C9BA3004A11EC /* Main.storyboard in Resources */ = {isa = PBXBuildFile; fileRef = 44263E57292C9BA3004A11EC /* Main.storyboard */; };
		44263E5B292C9BA4004A11EC /* Assets.xcassets in Resources */ = {isa = PBXBuildFile; fileRef = 44263E5A292C9BA4004A11EC /* Assets.xcassets */; };
		44263E5E292C9BA4004A11EC /* LaunchScreen.storyboard in Resources */ = {isa = PBXBuildFile; fileRef = 44263E5C292C9BA4004A11EC /* LaunchScreen.storyboard */; };
		44263E66292C9E93004A11EC /* ContactListViewController.swift in Sources */ = {isa = PBXBuildFile; fileRef = 44263E65292C9E93004A11EC /* ContactListViewController.swift */; };
		44263E68292CA553004A11EC /* Person.swift in Sources */ = {isa = PBXBuildFile; fileRef = 44263E67292CA553004A11EC /* Person.swift */; };
		44263E6A292CA5BE004A11EC /* DataStore.swift in Sources */ = {isa = PBXBuildFile; fileRef = 44263E69292CA5BE004A11EC /* DataStore.swift */; };
		44263E6F292CB97C004A11EC /* DetailsViewController.swift in Sources */ = {isa = PBXBuildFile; fileRef = 44263E6E292CB97C004A11EC /* DetailsViewController.swift */; };
		44922906293099CA00D00809 /* TabBarController.swift in Sources */ = {isa = PBXBuildFile; fileRef = 44922905293099CA00D00809 /* TabBarController.swift */; };
		44E233C4292DF88C00634AB5 /* FullInfoListViewController.swift in Sources */ = {isa = PBXBuildFile; fileRef = 44E233C3292DF88C00634AB5 /* FullInfoListViewController.swift */; };
/* End PBXBuildFile section */

/* Begin PBXFileReference section */
		44263E4E292C9BA3004A11EC /* ContactList.app */ = {isa = PBXFileReference; explicitFileType = wrapper.application; includeInIndex = 0; path = ContactList.app; sourceTree = BUILT_PRODUCTS_DIR; };
		44263E51292C9BA3004A11EC /* AppDelegate.swift */ = {isa = PBXFileReference; lastKnownFileType = sourcecode.swift; path = AppDelegate.swift; sourceTree = "<group>"; };
		44263E53292C9BA3004A11EC /* SceneDelegate.swift */ = {isa = PBXFileReference; lastKnownFileType = sourcecode.swift; path = SceneDelegate.swift; sourceTree = "<group>"; };
		44263E58292C9BA3004A11EC /* Base */ = {isa = PBXFileReference; lastKnownFileType = file.storyboard; name = Base; path = Base.lproj/Main.storyboard; sourceTree = "<group>"; };
		44263E5A292C9BA4004A11EC /* Assets.xcassets */ = {isa = PBXFileReference; lastKnownFileType = folder.assetcatalog; path = Assets.xcassets; sourceTree = "<group>"; };
		44263E5D292C9BA4004A11EC /* Base */ = {isa = PBXFileReference; lastKnownFileType = file.storyboard; name = Base; path = Base.lproj/LaunchScreen.storyboard; sourceTree = "<group>"; };
		44263E5F292C9BA4004A11EC /* Info.plist */ = {isa = PBXFileReference; lastKnownFileType = text.plist.xml; path = Info.plist; sourceTree = "<group>"; };
		44263E65292C9E93004A11EC /* ContactListViewController.swift */ = {isa = PBXFileReference; lastKnownFileType = sourcecode.swift; path = ContactListViewController.swift; sourceTree = "<group>"; };
		44263E67292CA553004A11EC /* Person.swift */ = {isa = PBXFileReference; lastKnownFileType = sourcecode.swift; path = Person.swift; sourceTree = "<group>"; };
		44263E69292CA5BE004A11EC /* DataStore.swift */ = {isa = PBXFileReference; lastKnownFileType = sourcecode.swift; path = DataStore.swift; sourceTree = "<group>"; };
		44263E6E292CB97C004A11EC /* DetailsViewController.swift */ = {isa = PBXFileReference; lastKnownFileType = sourcecode.swift; path = DetailsViewController.swift; sourceTree = "<group>"; };
		44922905293099CA00D00809 /* TabBarController.swift */ = {isa = PBXFileReference; lastKnownFileType = sourcecode.swift; path = TabBarController.swift; sourceTree = "<group>"; };
		44E233C3292DF88C00634AB5 /* FullInfoListViewController.swift */ = {isa = PBXFileReference; lastKnownFileType = sourcecode.swift; path = FullInfoListViewController.swift; sourceTree = "<group>"; };
/* End PBXFileReference section */

/* Begin PBXFrameworksBuildPhase section */
		44263E4B292C9BA3004A11EC /* Frameworks */ = {
			isa = PBXFrameworksBuildPhase;
			buildActionMask = 2147483647;
			files = (
			);
			runOnlyForDeploymentPostprocessing = 0;
		};
/* End PBXFrameworksBuildPhase section */

/* Begin PBXGroup section */
		44263E45292C9BA3004A11EC = {
			isa = PBXGroup;
			children = (
				44263E50292C9BA3004A11EC /* ContactList */,
				44263E4F292C9BA3004A11EC /* Products */,
			);
			sourceTree = "<group>";
		};
		44263E4F292C9BA3004A11EC /* Products */ = {
			isa = PBXGroup;
			children = (
				44263E4E292C9BA3004A11EC /* ContactList.app */,
			);
			name = Products;
			sourceTree = "<group>";
		};
		44263E50292C9BA3004A11EC /* ContactList */ = {
			isa = PBXGroup;
			children = (
				44E233C9292E2EE700634AB5 /* Resources */,
				44E233C8292E2E6200634AB5 /* App */,
				44E233C7292E2E0700634AB5 /* Storyboards */,
				44263E6B292CA8E0004A11EC /* Services */,
				44263E6C292CA902004A11EC /* Model */,
				44263E6D292CB954004A11EC /* ViewControllers */,
			);
			path = ContactList;
			sourceTree = "<group>";
		};
		44263E6B292CA8E0004A11EC /* Services */ = {
			isa = PBXGroup;
			children = (
				44263E69292CA5BE004A11EC /* DataStore.swift */,
			);
			path = Services;
			sourceTree = "<group>";
		};
		44263E6C292CA902004A11EC /* Model */ = {
			isa = PBXGroup;
			children = (
				44263E67292CA553004A11EC /* Person.swift */,
			);
			path = Model;
			sourceTree = "<group>";
		};
		44263E6D292CB954004A11EC /* ViewControllers */ = {
			isa = PBXGroup;
			children = (
				44263E65292C9E93004A11EC /* ContactListViewController.swift */,
				44263E6E292CB97C004A11EC /* DetailsViewController.swift */,
				44E233C3292DF88C00634AB5 /* FullInfoListViewController.swift */,
				44922905293099CA00D00809 /* TabBarController.swift */,
			);
			path = ViewControllers;
			sourceTree = "<group>";
		};
		44E233C7292E2E0700634AB5 /* Storyboards */ = {
			isa = PBXGroup;
			children = (
				44263E57292C9BA3004A11EC /* Main.storyboard */,
				44263E5C292C9BA4004A11EC /* LaunchScreen.storyboard */,
			);
			path = Storyboards;
			sourceTree = "<group>";
		};
		44E233C8292E2E6200634AB5 /* App */ = {
			isa = PBXGroup;
			children = (
				44263E51292C9BA3004A11EC /* AppDelegate.swift */,
				44263E53292C9BA3004A11EC /* SceneDelegate.swift */,
				44263E5F292C9BA4004A11EC /* Info.plist */,
			);
			path = App;
			sourceTree = "<group>";
		};
		44E233C9292E2EE700634AB5 /* Resources */ = {
			isa = PBXGroup;
			children = (
				44263E5A292C9BA4004A11EC /* Assets.xcassets */,
			);
			path = Resources;
			sourceTree = "<group>";
		};
/* End PBXGroup section */

/* Begin PBXNativeTarget section */
		44263E4D292C9BA3004A11EC /* ContactList */ = {
			isa = PBXNativeTarget;
			buildConfigurationList = 44263E62292C9BA4004A11EC /* Build configuration list for PBXNativeTarget "ContactList" */;
			buildPhases = (
				44263E4A292C9BA3004A11EC /* Sources */,
				44263E4B292C9BA3004A11EC /* Frameworks */,
				44263E4C292C9BA3004A11EC /* Resources */,
			);
			buildRules = (
			);
			dependencies = (
			);
			name = ContactList;
			productName = ContactList;
			productReference = 44263E4E292C9BA3004A11EC /* ContactList.app */;
			productType = "com.apple.product-type.application";
		};
/* End PBXNativeTarget section */

/* Begin PBXProject section */
		44263E46292C9BA3004A11EC /* Project object */ = {
			isa = PBXProject;
			attributes = {
				BuildIndependentTargetsInParallel = 1;
				LastSwiftUpdateCheck = 1410;
				LastUpgradeCheck = 1410;
				TargetAttributes = {
					44263E4D292C9BA3004A11EC = {
						CreatedOnToolsVersion = 14.1;
					};
				};
			};
			buildConfigurationList = 44263E49292C9BA3004A11EC /* Build configuration list for PBXProject "ContactList" */;
			compatibilityVersion = "Xcode 14.0";
			developmentRegion = en;
			hasScannedForEncodings = 0;
			knownRegions = (
				en,
				Base,
			);
			mainGroup = 44263E45292C9BA3004A11EC;
			productRefGroup = 44263E4F292C9BA3004A11EC /* Products */;
			projectDirPath = "";
			projectRoot = "";
			targets = (
				44263E4D292C9BA3004A11EC /* ContactList */,
			);
		};
/* End PBXProject section */

/* Begin PBXResourcesBuildPhase section */
		44263E4C292C9BA3004A11EC /* Resources */ = {
			isa = PBXResourcesBuildPhase;
			buildActionMask = 2147483647;
			files = (
				44263E5E292C9BA4004A11EC /* LaunchScreen.storyboard in Resources */,
				44263E5B292C9BA4004A11EC /* Assets.xcassets in Resources */,
				44263E59292C9BA3004A11EC /* Main.storyboard in Resources */,
			);
			runOnlyForDeploymentPostprocessing = 0;
		};
/* End PBXResourcesBuildPhase section */

/* Begin PBXSourcesBuildPhase section */
		44263E4A292C9BA3004A11EC /* Sources */ = {
			isa = PBXSourcesBuildPhase;
			buildActionMask = 2147483647;
			files = (
				44263E52292C9BA3004A11EC /* AppDelegate.swift in Sources */,
				44922906293099CA00D00809 /* TabBarController.swift in Sources */,
				44E233C4292DF88C00634AB5 /* FullInfoListViewController.swift in Sources */,
				44263E54292C9BA3004A11EC /* SceneDelegate.swift in Sources */,
				44263E68292CA553004A11EC /* Person.swift in Sources */,
				44263E6A292CA5BE004A11EC /* DataStore.swift in Sources */,
				44263E66292C9E93004A11EC /* ContactListViewController.swift in Sources */,
				44263E6F292CB97C004A11EC /* DetailsViewController.swift in Sources */,
			);
			runOnlyForDeploymentPostprocessing = 0;
		};
/* End PBXSourcesBuildPhase section */

/* Begin PBXVariantGroup section */
		44263E57292C9BA3004A11EC /* Main.storyboard */ = {
			isa = PBXVariantGroup;
			children = (
				44263E58292C9BA3004A11EC /* Base */,
			);
			name = Main.storyboard;
			sourceTree = "<group>";
		};
		44263E5C292C9BA4004A11EC /* LaunchScreen.storyboard */ = {
			isa = PBXVariantGroup;
			children = (
				44263E5D292C9BA4004A11EC /* Base */,
			);
			name = LaunchScreen.storyboard;
			sourceTree = "<group>";
		};
/* End PBXVariantGroup section */

/* Begin XCBuildConfiguration section */
		44263E60292C9BA4004A11EC /* Debug */ = {
			isa = XCBuildConfiguration;
			buildSettings = {
				ALWAYS_SEARCH_USER_PATHS = NO;
				CLANG_ANALYZER_NONNULL = YES;
				CLANG_ANALYZER_NUMBER_OBJECT_CONVERSION = YES_AGGRESSIVE;
				CLANG_CXX_LANGUAGE_STANDARD = "gnu++20";
				CLANG_ENABLE_MODULES = YES;
				CLANG_ENABLE_OBJC_ARC = YES;
				CLANG_ENABLE_OBJC_WEAK = YES;
				CLANG_WARN_BLOCK_CAPTURE_AUTORELEASING = YES;
				CLANG_WARN_BOOL_CONVERSION = YES;
				CLANG_WARN_COMMA = YES;
				CLANG_WARN_CONSTANT_CONVERSION = YES;
				CLANG_WARN_DEPRECATED_OBJC_IMPLEMENTATIONS = YES;
				CLANG_WARN_DIRECT_OBJC_ISA_USAGE = YES_ERROR;
				CLANG_WARN_DOCUMENTATION_COMMENTS = YES;
				CLANG_WARN_EMPTY_BODY = YES;
				CLANG_WARN_ENUM_CONVERSION = YES;
				CLANG_WARN_INFINITE_RECURSION = YES;
				CLANG_WARN_INT_CONVERSION = YES;
				CLANG_WARN_NON_LITERAL_NULL_CONVERSION = YES;
				CLANG_WARN_OBJC_IMPLICIT_RETAIN_SELF = YES;
				CLANG_WARN_OBJC_LITERAL_CONVERSION = YES;
				CLANG_WARN_OBJC_ROOT_CLASS = YES_ERROR;
				CLANG_WARN_QUOTED_INCLUDE_IN_FRAMEWORK_HEADER = YES;
				CLANG_WARN_RANGE_LOOP_ANALYSIS = YES;
				CLANG_WARN_STRICT_PROTOTYPES = YES;
				CLANG_WARN_SUSPICIOUS_MOVE = YES;
				CLANG_WARN_UNGUARDED_AVAILABILITY = YES_AGGRESSIVE;
				CLANG_WARN_UNREACHABLE_CODE = YES;
				CLANG_WARN__DUPLICATE_METHOD_MATCH = YES;
				COPY_PHASE_STRIP = NO;
				DEBUG_INFORMATION_FORMAT = dwarf;
				ENABLE_STRICT_OBJC_MSGSEND = YES;
				ENABLE_TESTABILITY = YES;
				GCC_C_LANGUAGE_STANDARD = gnu11;
				GCC_DYNAMIC_NO_PIC = NO;
				GCC_NO_COMMON_BLOCKS = YES;
				GCC_OPTIMIZATION_LEVEL = 0;
				GCC_PREPROCESSOR_DEFINITIONS = (
					"DEBUG=1",
					"$(inherited)",
				);
				GCC_WARN_64_TO_32_BIT_CONVERSION = YES;
				GCC_WARN_ABOUT_RETURN_TYPE = YES_ERROR;
				GCC_WARN_UNDECLARED_SELECTOR = YES;
				GCC_WARN_UNINITIALIZED_AUTOS = YES_AGGRESSIVE;
				GCC_WARN_UNUSED_FUNCTION = YES;
				GCC_WARN_UNUSED_VARIABLE = YES;
				IPHONEOS_DEPLOYMENT_TARGET = 16.1;
				MTL_ENABLE_DEBUG_INFO = INCLUDE_SOURCE;
				MTL_FAST_MATH = YES;
				ONLY_ACTIVE_ARCH = YES;
				SDKROOT = iphoneos;
				SWIFT_ACTIVE_COMPILATION_CONDITIONS = DEBUG;
				SWIFT_OPTIMIZATION_LEVEL = "-Onone";
			};
			name = Debug;
		};
		44263E61292C9BA4004A11EC /* Release */ = {
			isa = XCBuildConfiguration;
			buildSettings = {
				ALWAYS_SEARCH_USER_PATHS = NO;
				CLANG_ANALYZER_NONNULL = YES;
				CLANG_ANALYZER_NUMBER_OBJECT_CONVERSION = YES_AGGRESSIVE;
				CLANG_CXX_LANGUAGE_STANDARD = "gnu++20";
				CLANG_ENABLE_MODULES = YES;
				CLANG_ENABLE_OBJC_ARC = YES;
				CLANG_ENABLE_OBJC_WEAK = YES;
				CLANG_WARN_BLOCK_CAPTURE_AUTORELEASING = YES;
				CLANG_WARN_BOOL_CONVERSION = YES;
				CLANG_WARN_COMMA = YES;
				CLANG_WARN_CONSTANT_CONVERSION = YES;
				CLANG_WARN_DEPRECATED_OBJC_IMPLEMENTATIONS = YES;
				CLANG_WARN_DIRECT_OBJC_ISA_USAGE = YES_ERROR;
				CLANG_WARN_DOCUMENTATION_COMMENTS = YES;
				CLANG_WARN_EMPTY_BODY = YES;
				CLANG_WARN_ENUM_CONVERSION = YES;
				CLANG_WARN_INFINITE_RECURSION = YES;
				CLANG_WARN_INT_CONVERSION = YES;
				CLANG_WARN_NON_LITERAL_NULL_CONVERSION = YES;
				CLANG_WARN_OBJC_IMPLICIT_RETAIN_SELF = YES;
				CLANG_WARN_OBJC_LITERAL_CONVERSION = YES;
				CLANG_WARN_OBJC_ROOT_CLASS = YES_ERROR;
				CLANG_WARN_QUOTED_INCLUDE_IN_FRAMEWORK_HEADER = YES;
				CLANG_WARN_RANGE_LOOP_ANALYSIS = YES;
				CLANG_WARN_STRICT_PROTOTYPES = YES;
				CLANG_WARN_SUSPICIOUS_MOVE = YES;
				CLANG_WARN_UNGUARDED_AVAILABILITY = YES_AGGRESSIVE;
				CLANG_WARN_UNREACHABLE_CODE = YES;
				CLANG_WARN__DUPLICATE_METHOD_MATCH = YES;
				COPY_PHASE_STRIP = NO;
				DEBUG_INFORMATION_FORMAT = "dwarf-with-dsym";
				ENABLE_NS_ASSERTIONS = NO;
				ENABLE_STRICT_OBJC_MSGSEND = YES;
				GCC_C_LANGUAGE_STANDARD = gnu11;
				GCC_NO_COMMON_BLOCKS = YES;
				GCC_WARN_64_TO_32_BIT_CONVERSION = YES;
				GCC_WARN_ABOUT_RETURN_TYPE = YES_ERROR;
				GCC_WARN_UNDECLARED_SELECTOR = YES;
				GCC_WARN_UNINITIALIZED_AUTOS = YES_AGGRESSIVE;
				GCC_WARN_UNUSED_FUNCTION = YES;
				GCC_WARN_UNUSED_VARIABLE = YES;
				IPHONEOS_DEPLOYMENT_TARGET = 16.1;
				MTL_ENABLE_DEBUG_INFO = NO;
				MTL_FAST_MATH = YES;
				SDKROOT = iphoneos;
				SWIFT_COMPILATION_MODE = wholemodule;
				SWIFT_OPTIMIZATION_LEVEL = "-O";
				VALIDATE_PRODUCT = YES;
			};
			name = Release;
		};
		44263E63292C9BA4004A11EC /* Debug */ = {
			isa = XCBuildConfiguration;
			buildSettings = {
				ASSETCATALOG_COMPILER_APPICON_NAME = AppIcon;
				ASSETCATALOG_COMPILER_GLOBAL_ACCENT_COLOR_NAME = AccentColor;
				CODE_SIGN_STYLE = Automatic;
				CURRENT_PROJECT_VERSION = 1;
				DEVELOPMENT_TEAM = F5JRYMNHVM;
				GENERATE_INFOPLIST_FILE = YES;
				INFOPLIST_FILE = ContactList/App/Info.plist;
				INFOPLIST_KEY_UIApplicationSupportsIndirectInputEvents = YES;
				INFOPLIST_KEY_UILaunchStoryboardName = LaunchScreen;
				INFOPLIST_KEY_UIMainStoryboardFile = Main;
				INFOPLIST_KEY_UISupportedInterfaceOrientations_iPad = "UIInterfaceOrientationPortrait UIInterfaceOrientationPortraitUpsideDown UIInterfaceOrientationLandscapeLeft UIInterfaceOrientationLandscapeRight";
				INFOPLIST_KEY_UISupportedInterfaceOrientations_iPhone = "UIInterfaceOrientationPortrait UIInterfaceOrientationLandscapeLeft UIInterfaceOrientationLandscapeRight";
				LD_RUNPATH_SEARCH_PATHS = (
					"$(inherited)",
					"@executable_path/Frameworks",
				);
				MARKETING_VERSION = 1.0;
				PRODUCT_BUNDLE_IDENTIFIER = com.zgainer.ContactList;
				PRODUCT_NAME = "$(TARGET_NAME)";
				SUPPORTED_PLATFORMS = "iphoneos iphonesimulator";
				SUPPORTS_MACCATALYST = NO;
				SUPPORTS_MAC_DESIGNED_FOR_IPHONE_IPAD = NO;
				SWIFT_EMIT_LOC_STRINGS = YES;
				SWIFT_VERSION = 5.0;
				TARGETED_DEVICE_FAMILY = 1;
			};
			name = Debug;
		};
		44263E64292C9BA4004A11EC /* Release */ = {
			isa = XCBuildConfiguration;
			buildSettings = {
				ASSETCATALOG_COMPILER_APPICON_NAME = AppIcon;
				ASSETCATALOG_COMPILER_GLOBAL_ACCENT_COLOR_NAME = AccentColor;
				CODE_SIGN_STYLE = Automatic;
				CURRENT_PROJECT_VERSION = 1;
				DEVELOPMENT_TEAM = F5JRYMNHVM;
				GENERATE_INFOPLIST_FILE = YES;
				INFOPLIST_FILE = ContactList/App/Info.plist;
				INFOPLIST_KEY_UIApplicationSupportsIndirectInputEvents = YES;
				INFOPLIST_KEY_UILaunchStoryboardName = LaunchScreen;
				INFOPLIST_KEY_UIMainStoryboardFile = Main;
				INFOPLIST_KEY_UISupportedInterfaceOrientations_iPad = "UIInterfaceOrientationPortrait UIInterfaceOrientationPortraitUpsideDown UIInterfaceOrientationLandscapeLeft UIInterfaceOrientationLandscapeRight";
				INFOPLIST_KEY_UISupportedInterfaceOrientations_iPhone = "UIInterfaceOrientationPortrait UIInterfaceOrientationLandscapeLeft UIInterfaceOrientationLandscapeRight";
				LD_RUNPATH_SEARCH_PATHS = (
					"$(inherited)",
					"@executable_path/Frameworks",
				);
				MARKETING_VERSION = 1.0;
				PRODUCT_BUNDLE_IDENTIFIER = com.zgainer.ContactList;
				PRODUCT_NAME = "$(TARGET_NAME)";
				SUPPORTED_PLATFORMS = "iphoneos iphonesimulator";
				SUPPORTS_MACCATALYST = NO;
				SUPPORTS_MAC_DESIGNED_FOR_IPHONE_IPAD = NO;
				SWIFT_EMIT_LOC_STRINGS = YES;
				SWIFT_VERSION = 5.0;
				TARGETED_DEVICE_FAMILY = 1;
			};
			name = Release;
		};
/* End XCBuildConfiguration section */

/* Begin XCConfigurationList section */
		44263E49292C9BA3004A11EC /* Build configuration list for PBXProject "ContactList" */ = {
			isa = XCConfigurationList;
			buildConfigurations = (
				44263E60292C9BA4004A11EC /* Debug */,
				44263E61292C9BA4004A11EC /* Release */,
			);
			defaultConfigurationIsVisible = 0;
			defaultConfigurationName = Release;
		};
		44263E62292C9BA4004A11EC /* Build configuration list for PBXNativeTarget "ContactList" */ = {
			isa = XCConfigurationList;
			buildConfigurations = (
				44263E63292C9BA4004A11EC /* Debug */,
				44263E64292C9BA4004A11EC /* Release */,
			);
			defaultConfigurationIsVisible = 0;
			defaultConfigurationName = Release;
		};
/* End XCConfigurationList section */
	};
	rootObject = 44263E46292C9BA3004A11EC /* Project object */;
}
